
Microsoft Visual Studio Solution File, Format Version 12.00
# Visual Studio Version 16
VisualStudioVersion = 16.0.29102.190
MinimumVisualStudioVersion = 10.0.40219.1
Project("{9A19103F-16F7-4668-BE54-9A1E7A4F7556}") = "Serilog.Sinks.SignalR.AspNetCore", "src\Serilog.Sinks.SignalR.AspNetCore\Serilog.Sinks.SignalR.AspNetCore.csproj", "{F1DB53C6-93F7-47A7-862A-EAFEDB5B4AB7}"
EndProject
Global
	GlobalSection(SolutionConfigurationPlatforms) = preSolution
		Debug|Any CPU = Debug|Any CPU
		Release|Any CPU = Release|Any CPU
	EndGlobalSection
	GlobalSection(ProjectConfigurationPlatforms) = postSolution
		{F1DB53C6-93F7-47A7-862A-EAFEDB5B4AB7}.Debug|Any CPU.ActiveCfg = Debug|Any CPU
		{F1DB53C6-93F7-47A7-862A-EAFEDB5B4AB7}.Debug|Any CPU.Build.0 = Debug|Any CPU
		{F1DB53C6-93F7-47A7-862A-EAFEDB5B4AB7}.Release|Any CPU.ActiveCfg = Release|Any CPU
		{F1DB53C6-93F7-47A7-862A-EAFEDB5B4AB7}.Release|Any CPU.Build.0 = Release|Any CPU
	EndGlobalSection
	GlobalSection(SolutionProperties) = preSolution
		HideSolutionNode = FALSE
	EndGlobalSection
	GlobalSection(ExtensibilityGlobals) = postSolution
		SolutionGuid = {17B5A95A-28D6-4318-86F1-3AA18D60434F}
	EndGlobalSection
EndGlobal
